
Microsoft Visual Studio Solution File, Format Version 12.00
# Visual Studio Version 16
VisualStudioVersion = 16.0.31624.102
MinimumVisualStudioVersion = 10.0.40219.1
Project("{9A19103F-16F7-4668-BE54-9A1E7A4F7556}") = "WebPeople3", "WebPeople3\WebPeople3.csproj", "{B349BBF4-05B0-4658-934E-B2218903B6AE}"
EndProject
Project("{FAE04EC0-301F-11D3-BF4B-00C04F79EFBC}") = "ApiPeople2", "ApiPeople2\ApiPeople2.csproj", "{71260B19-6749-43F0-9EB2-D318322EE4F8}"
EndProject
Global
	GlobalSection(SolutionConfigurationPlatforms) = preSolution
		Debug|Any CPU = Debug|Any CPU
		Release|Any CPU = Release|Any CPU
	EndGlobalSection
	GlobalSection(ProjectConfigurationPlatforms) = postSolution
		{B349BBF4-05B0-4658-934E-B2218903B6AE}.Debug|Any CPU.ActiveCfg = Debug|Any CPU
		{B349BBF4-05B0-4658-934E-B2218903B6AE}.Debug|Any CPU.Build.0 = Debug|Any CPU
		{B349BBF4-05B0-4658-934E-B2218903B6AE}.Release|Any CPU.ActiveCfg = Release|Any CPU
		{B349BBF4-05B0-4658-934E-B2218903B6AE}.Release|Any CPU.Build.0 = Release|Any CPU
		{71260B19-6749-43F0-9EB2-D318322EE4F8}.Debug|Any CPU.ActiveCfg = Debug|Any CPU
		{71260B19-6749-43F0-9EB2-D318322EE4F8}.Debug|Any CPU.Build.0 = Debug|Any CPU
		{71260B19-6749-43F0-9EB2-D318322EE4F8}.Release|Any CPU.ActiveCfg = Release|Any CPU
		{71260B19-6749-43F0-9EB2-D318322EE4F8}.Release|Any CPU.Build.0 = Release|Any CPU
	EndGlobalSection
	GlobalSection(SolutionProperties) = preSolution
		HideSolutionNode = FALSE
	EndGlobalSection
	GlobalSection(ExtensibilityGlobals) = postSolution
		SolutionGuid = {D1921FC7-0E55-410D-887D-A4813B40A09D}
	EndGlobalSection
EndGlobal
